
Microsoft Visual Studio Solution File, Format Version 12.00
# Visual Studio 14
VisualStudioVersion = 14.0.25420.1
MinimumVisualStudioVersion = 10.0.40219.1
Project("{FAE04EC0-301F-11D3-BF4B-00C04F79EFBC}") = "Geodan.IBeacons.IPhone", "Geodan.IBeacon.IPhone\Geodan.IBeacons.IPhone.csproj", "{9C7DFECF-D0B6-4F82-9453-BE91EC5336CF}"
EndProject
Project("{FAE04EC0-301F-11D3-BF4B-00C04F79EFBC}") = "Geodan.IBeacons.Android", "Geodan.IBeacon.Android\Geodan.IBeacons.Android.csproj", "{136E4890-C1B6-4877-9D07-EBDF1E49D63F}"
EndProject
Project("{FAE04EC0-301F-11D3-BF4B-00C04F79EFBC}") = "Geodan.IBeacons.Core", "Geodan.IBeacons.Core\Geodan.IBeacons.Core.csproj", "{9F8BD6D5-8F76-4918-A257-9C573C930718}"
EndProject
Global
	GlobalSection(SolutionConfigurationPlatforms) = preSolution
		Ad-Hoc|Any CPU = Ad-Hoc|Any CPU
		Ad-Hoc|iPhone = Ad-Hoc|iPhone
		Ad-Hoc|iPhoneSimulator = Ad-Hoc|iPhoneSimulator
		AppStore|Any CPU = AppStore|Any CPU
		AppStore|iPhone = AppStore|iPhone
		AppStore|iPhoneSimulator = AppStore|iPhoneSimulator
		Debug|Any CPU = Debug|Any CPU
		Debug|iPhone = Debug|iPhone
		Debug|iPhoneSimulator = Debug|iPhoneSimulator
		Release|Any CPU = Release|Any CPU
		Release|iPhone = Release|iPhone
		Release|iPhoneSimulator = Release|iPhoneSimulator
	EndGlobalSection
	GlobalSection(ProjectConfigurationPlatforms) = postSolution
		{9C7DFECF-D0B6-4F82-9453-BE91EC5336CF}.Ad-Hoc|Any CPU.ActiveCfg = Ad-Hoc|iPhone
		{9C7DFECF-D0B6-4F82-9453-BE91EC5336CF}.Ad-Hoc|iPhone.ActiveCfg = Ad-Hoc|iPhone
		{9C7DFECF-D0B6-4F82-9453-BE91EC5336CF}.Ad-Hoc|iPhone.Build.0 = Ad-Hoc|iPhone
		{9C7DFECF-D0B6-4F82-9453-BE91EC5336CF}.Ad-Hoc|iPhoneSimulator.ActiveCfg = Ad-Hoc|iPhoneSimulator
		{9C7DFECF-D0B6-4F82-9453-BE91EC5336CF}.Ad-Hoc|iPhoneSimulator.Build.0 = Ad-Hoc|iPhoneSimulator
		{9C7DFECF-D0B6-4F82-9453-BE91EC5336CF}.AppStore|Any CPU.ActiveCfg = AppStore|iPhone
		{9C7DFECF-D0B6-4F82-9453-BE91EC5336CF}.AppStore|iPhone.ActiveCfg = AppStore|iPhone
		{9C7DFECF-D0B6-4F82-9453-BE91EC5336CF}.AppStore|iPhone.Build.0 = AppStore|iPhone
		{9C7DFECF-D0B6-4F82-9453-BE91EC5336CF}.AppStore|iPhoneSimulator.ActiveCfg = AppStore|iPhoneSimulator
		{9C7DFECF-D0B6-4F82-9453-BE91EC5336CF}.AppStore|iPhoneSimulator.Build.0 = AppStore|iPhoneSimulator
		{9C7DFECF-D0B6-4F82-9453-BE91EC5336CF}.Debug|Any CPU.ActiveCfg = Debug|iPhone
		{9C7DFECF-D0B6-4F82-9453-BE91EC5336CF}.Debug|iPhone.ActiveCfg = Debug|iPhone
		{9C7DFECF-D0B6-4F82-9453-BE91EC5336CF}.Debug|iPhone.Build.0 = Debug|iPhone
		{9C7DFECF-D0B6-4F82-9453-BE91EC5336CF}.Debug|iPhoneSimulator.ActiveCfg = Debug|iPhoneSimulator
		{9C7DFECF-D0B6-4F82-9453-BE91EC5336CF}.Release|Any CPU.ActiveCfg = Release|iPhone
		{9C7DFECF-D0B6-4F82-9453-BE91EC5336CF}.Release|iPhone.ActiveCfg = Release|iPhone
		{9C7DFECF-D0B6-4F82-9453-BE91EC5336CF}.Release|iPhone.Build.0 = Release|iPhone
		{9C7DFECF-D0B6-4F82-9453-BE91EC5336CF}.Release|iPhoneSimulator.ActiveCfg = Release|iPhoneSimulator
		{9C7DFECF-D0B6-4F82-9453-BE91EC5336CF}.Release|iPhoneSimulator.Build.0 = Release|iPhoneSimulator
		{136E4890-C1B6-4877-9D07-EBDF1E49D63F}.Ad-Hoc|Any CPU.ActiveCfg = Release|Any CPU
		{136E4890-C1B6-4877-9D07-EBDF1E49D63F}.Ad-Hoc|Any CPU.Build.0 = Release|Any CPU
		{136E4890-C1B6-4877-9D07-EBDF1E49D63F}.Ad-Hoc|Any CPU.Deploy.0 = Release|Any CPU
		{136E4890-C1B6-4877-9D07-EBDF1E49D63F}.Ad-Hoc|iPhone.ActiveCfg = Release|Any CPU
		{136E4890-C1B6-4877-9D07-EBDF1E49D63F}.Ad-Hoc|iPhone.Build.0 = Release|Any CPU
		{136E4890-C1B6-4877-9D07-EBDF1E49D63F}.Ad-Hoc|iPhone.Deploy.0 = Release|Any CPU
		{136E4890-C1B6-4877-9D07-EBDF1E49D63F}.Ad-Hoc|iPhoneSimulator.ActiveCfg = Release|Any CPU
		{136E4890-C1B6-4877-9D07-EBDF1E49D63F}.Ad-Hoc|iPhoneSimulator.Build.0 = Release|Any CPU
		{136E4890-C1B6-4877-9D07-EBDF1E49D63F}.Ad-Hoc|iPhoneSimulator.Deploy.0 = Release|Any CPU
		{136E4890-C1B6-4877-9D07-EBDF1E49D63F}.AppStore|Any CPU.ActiveCfg = Release|Any CPU
		{136E4890-C1B6-4877-9D07-EBDF1E49D63F}.AppStore|Any CPU.Build.0 = Release|Any CPU
		{136E4890-C1B6-4877-9D07-EBDF1E49D63F}.AppStore|Any CPU.Deploy.0 = Release|Any CPU
		{136E4890-C1B6-4877-9D07-EBDF1E49D63F}.AppStore|iPhone.ActiveCfg = Release|Any CPU
		{136E4890-C1B6-4877-9D07-EBDF1E49D63F}.AppStore|iPhone.Build.0 = Release|Any CPU
		{136E4890-C1B6-4877-9D07-EBDF1E49D63F}.AppStore|iPhone.Deploy.0 = Release|Any CPU
		{136E4890-C1B6-4877-9D07-EBDF1E49D63F}.AppStore|iPhoneSimulator.ActiveCfg = Release|Any CPU
		{136E4890-C1B6-4877-9D07-EBDF1E49D63F}.AppStore|iPhoneSimulator.Build.0 = Release|Any CPU
		{136E4890-C1B6-4877-9D07-EBDF1E49D63F}.AppStore|iPhoneSimulator.Deploy.0 = Release|Any CPU
		{136E4890-C1B6-4877-9D07-EBDF1E49D63F}.Debug|Any CPU.ActiveCfg = Debug|Any CPU
		{136E4890-C1B6-4877-9D07-EBDF1E49D63F}.Debug|Any CPU.Build.0 = Debug|Any CPU
		{136E4890-C1B6-4877-9D07-EBDF1E49D63F}.Debug|Any CPU.Deploy.0 = Debug|Any CPU
		{136E4890-C1B6-4877-9D07-EBDF1E49D63F}.Debug|iPhone.ActiveCfg = Debug|Any CPU
		{136E4890-C1B6-4877-9D07-EBDF1E49D63F}.Debug|iPhone.Build.0 = Debug|Any CPU
		{136E4890-C1B6-4877-9D07-EBDF1E49D63F}.Debug|iPhone.Deploy.0 = Debug|Any CPU
		{136E4890-C1B6-4877-9D07-EBDF1E49D63F}.Debug|iPhoneSimulator.ActiveCfg = Debug|Any CPU
		{136E4890-C1B6-4877-9D07-EBDF1E49D63F}.Debug|iPhoneSimulator.Build.0 = Debug|Any CPU
		{136E4890-C1B6-4877-9D07-EBDF1E49D63F}.Debug|iPhoneSimulator.Deploy.0 = Debug|Any CPU
		{136E4890-C1B6-4877-9D07-EBDF1E49D63F}.Release|Any CPU.ActiveCfg = Release|Any CPU
		{136E4890-C1B6-4877-9D07-EBDF1E49D63F}.Release|Any CPU.Build.0 = Release|Any CPU
		{136E4890-C1B6-4877-9D07-EBDF1E49D63F}.Release|Any CPU.Deploy.0 = Release|Any CPU
		{136E4890-C1B6-4877-9D07-EBDF1E49D63F}.Release|iPhone.ActiveCfg = Release|Any CPU
		{136E4890-C1B6-4877-9D07-EBDF1E49D63F}.Release|iPhone.Build.0 = Release|Any CPU
		{136E4890-C1B6-4877-9D07-EBDF1E49D63F}.Release|iPhone.Deploy.0 = Release|Any CPU
		{136E4890-C1B6-4877-9D07-EBDF1E49D63F}.Release|iPhoneSimulator.ActiveCfg = Release|Any CPU
		{136E4890-C1B6-4877-9D07-EBDF1E49D63F}.Release|iPhoneSimulator.Build.0 = Release|Any CPU
		{136E4890-C1B6-4877-9D07-EBDF1E49D63F}.Release|iPhoneSimulator.Deploy.0 = Release|Any CPU
		{9F8BD6D5-8F76-4918-A257-9C573C930718}.Ad-Hoc|Any CPU.ActiveCfg = Release|Any CPU
		{9F8BD6D5-8F76-4918-A257-9C573C930718}.Ad-Hoc|Any CPU.Build.0 = Release|Any CPU
		{9F8BD6D5-8F76-4918-A257-9C573C930718}.Ad-Hoc|iPhone.ActiveCfg = Release|Any CPU
		{9F8BD6D5-8F76-4918-A257-9C573C930718}.Ad-Hoc|iPhone.Build.0 = Release|Any CPU
		{9F8BD6D5-8F76-4918-A257-9C573C930718}.Ad-Hoc|iPhoneSimulator.ActiveCfg = Release|Any CPU
		{9F8BD6D5-8F76-4918-A257-9C573C930718}.Ad-Hoc|iPhoneSimulator.Build.0 = Release|Any CPU
		{9F8BD6D5-8F76-4918-A257-9C573C930718}.AppStore|Any CPU.ActiveCfg = Release|Any CPU
		{9F8BD6D5-8F76-4918-A257-9C573C930718}.AppStore|Any CPU.Build.0 = Release|Any CPU
		{9F8BD6D5-8F76-4918-A257-9C573C930718}.AppStore|iPhone.ActiveCfg = Release|Any CPU
		{9F8BD6D5-8F76-4918-A257-9C573C930718}.AppStore|iPhone.Build.0 = Release|Any CPU
		{9F8BD6D5-8F76-4918-A257-9C573C930718}.AppStore|iPhoneSimulator.ActiveCfg = Release|Any CPU
		{9F8BD6D5-8F76-4918-A257-9C573C930718}.AppStore|iPhoneSimulator.Build.0 = Release|Any CPU
		{9F8BD6D5-8F76-4918-A257-9C573C930718}.Debug|Any CPU.ActiveCfg = Debug|Any CPU
		{9F8BD6D5-8F76-4918-A257-9C573C930718}.Debug|Any CPU.Build.0 = Debug|Any CPU
		{9F8BD6D5-8F76-4918-A257-9C573C930718}.Debug|iPhone.ActiveCfg = Debug|Any CPU
		{9F8BD6D5-8F76-4918-A257-9C573C930718}.Debug|iPhone.Build.0 = Debug|Any CPU
		{9F8BD6D5-8F76-4918-A257-9C573C930718}.Debug|iPhoneSimulator.ActiveCfg = Debug|Any CPU
		{9F8BD6D5-8F76-4918-A257-9C573C930718}.Debug|iPhoneSimulator.Build.0 = Debug|Any CPU
		{9F8BD6D5-8F76-4918-A257-9C573C930718}.Release|Any CPU.ActiveCfg = Release|Any CPU
		{9F8BD6D5-8F76-4918-A257-9C573C930718}.Release|Any CPU.Build.0 = Release|Any CPU
		{9F8BD6D5-8F76-4918-A257-9C573C930718}.Release|iPhone.ActiveCfg = Release|Any CPU
		{9F8BD6D5-8F76-4918-A257-9C573C930718}.Release|iPhone.Build.0 = Release|Any CPU
		{9F8BD6D5-8F76-4918-A257-9C573C930718}.Release|iPhoneSimulator.ActiveCfg = Release|Any CPU
		{9F8BD6D5-8F76-4918-A257-9C573C930718}.Release|iPhoneSimulator.Build.0 = Release|Any CPU
	EndGlobalSection
	GlobalSection(SolutionProperties) = preSolution
		HideSolutionNode = FALSE
	EndGlobalSection
	GlobalSection(MonoDevelopProperties) = preSolution
		StartupItem = AndroidBeacon\AndroidBeacon.csproj
	EndGlobalSection
EndGlobal
